
Microsoft Visual Studio Solution File, Format Version 12.00
# Visual Studio Version 16
VisualStudioVersion = 16.0.30709.132
MinimumVisualStudioVersion = 10.0.40219.1
Project("{9A19103F-16F7-4668-BE54-9A1E7A4F7556}") = "AdventOfCode2020", "AdventOfCode2020-InputDataReader\AdventOfCode2020.csproj", "{DE012CCF-2833-4AD9-ACAB-2DC8C154DCD5}"
EndProject
Project("{9A19103F-16F7-4668-BE54-9A1E7A4F7556}") = "Day01-Part1", "Day01\Day01-Part1\Day01-Part1.csproj", "{9FE76A19-C775-47BC-B965-4BABF367E3FC}"
EndProject
Project("{9A19103F-16F7-4668-BE54-9A1E7A4F7556}") = "Day01-Part2", "Day01\Day01-Part2\Day01-Part2.csproj", "{AECF7BD9-95CD-4B9B-9399-F32F16B11D90}"
EndProject
Project("{9A19103F-16F7-4668-BE54-9A1E7A4F7556}") = "Day02-Part1", "Day02\Day02-Part1\Day02-Part1.csproj", "{7ADAB131-734B-4023-A0D0-A2EAD25348E0}"
EndProject
Project("{9A19103F-16F7-4668-BE54-9A1E7A4F7556}") = "Day02-Part2", "Day02\Day02-Part2\Day02-Part2.csproj", "{4BB821E3-8CFE-457F-98BA-FAD710E9D8CB}"
EndProject
Project("{9A19103F-16F7-4668-BE54-9A1E7A4F7556}") = "Day03-Part1", "Day03\Day03-Part1\Day03-Part1.csproj", "{A0CA1539-419B-4F4C-AD79-AEAF173D2AFA}"
EndProject
Project("{9A19103F-16F7-4668-BE54-9A1E7A4F7556}") = "Day03-Part2", "Day03\Day03-Part2\Day03-Part2.csproj", "{6E051CFD-F277-4433-A0D2-3C8AD4CFC830}"
EndProject
Project("{9A19103F-16F7-4668-BE54-9A1E7A4F7556}") = "Day04-Part1", "Day04\Day04-Part1\Day04-Part1.csproj", "{816CCA78-2139-4E88-A701-483757E35CE4}"
EndProject
Project("{9A19103F-16F7-4668-BE54-9A1E7A4F7556}") = "Day04-Part2", "Day04\Day04-Part2\Day04-Part2.csproj", "{A6AE652C-5B83-4487-8750-5B471D434EE4}"
EndProject
Project("{9A19103F-16F7-4668-BE54-9A1E7A4F7556}") = "Day05-Part1", "Day05\Day05-Part1\Day05-Part1.csproj", "{FCA9E1D3-83EE-43F7-8DB2-FBBC82922EFB}"
EndProject
Project("{9A19103F-16F7-4668-BE54-9A1E7A4F7556}") = "Day06", "Day06\Day06\Day06.csproj", "{A8A1C805-D050-4D66-9A2B-443F696079D5}"
EndProject
Project("{FAE04EC0-301F-11D3-BF4B-00C04F79EFBC}") = "Day05-Part2", "Day05\Day05-Part2\Day05-Part2.csproj", "{33E96C9B-B2FD-467E-A12F-6702A079C910}"
EndProject
Global
	GlobalSection(SolutionConfigurationPlatforms) = preSolution
		Debug|Any CPU = Debug|Any CPU
		Release|Any CPU = Release|Any CPU
	EndGlobalSection
	GlobalSection(ProjectConfigurationPlatforms) = postSolution
		{DE012CCF-2833-4AD9-ACAB-2DC8C154DCD5}.Debug|Any CPU.ActiveCfg = Debug|Any CPU
		{DE012CCF-2833-4AD9-ACAB-2DC8C154DCD5}.Debug|Any CPU.Build.0 = Debug|Any CPU
		{DE012CCF-2833-4AD9-ACAB-2DC8C154DCD5}.Release|Any CPU.ActiveCfg = Release|Any CPU
		{DE012CCF-2833-4AD9-ACAB-2DC8C154DCD5}.Release|Any CPU.Build.0 = Release|Any CPU
		{9FE76A19-C775-47BC-B965-4BABF367E3FC}.Debug|Any CPU.ActiveCfg = Debug|Any CPU
		{9FE76A19-C775-47BC-B965-4BABF367E3FC}.Debug|Any CPU.Build.0 = Debug|Any CPU
		{9FE76A19-C775-47BC-B965-4BABF367E3FC}.Release|Any CPU.ActiveCfg = Release|Any CPU
		{9FE76A19-C775-47BC-B965-4BABF367E3FC}.Release|Any CPU.Build.0 = Release|Any CPU
		{AECF7BD9-95CD-4B9B-9399-F32F16B11D90}.Debug|Any CPU.ActiveCfg = Debug|Any CPU
		{AECF7BD9-95CD-4B9B-9399-F32F16B11D90}.Debug|Any CPU.Build.0 = Debug|Any CPU
		{AECF7BD9-95CD-4B9B-9399-F32F16B11D90}.Release|Any CPU.ActiveCfg = Release|Any CPU
		{AECF7BD9-95CD-4B9B-9399-F32F16B11D90}.Release|Any CPU.Build.0 = Release|Any CPU
		{7ADAB131-734B-4023-A0D0-A2EAD25348E0}.Debug|Any CPU.ActiveCfg = Debug|Any CPU
		{7ADAB131-734B-4023-A0D0-A2EAD25348E0}.Debug|Any CPU.Build.0 = Debug|Any CPU
		{7ADAB131-734B-4023-A0D0-A2EAD25348E0}.Release|Any CPU.ActiveCfg = Release|Any CPU
		{7ADAB131-734B-4023-A0D0-A2EAD25348E0}.Release|Any CPU.Build.0 = Release|Any CPU
		{4BB821E3-8CFE-457F-98BA-FAD710E9D8CB}.Debug|Any CPU.ActiveCfg = Debug|Any CPU
		{4BB821E3-8CFE-457F-98BA-FAD710E9D8CB}.Debug|Any CPU.Build.0 = Debug|Any CPU
		{4BB821E3-8CFE-457F-98BA-FAD710E9D8CB}.Release|Any CPU.ActiveCfg = Release|Any CPU
		{4BB821E3-8CFE-457F-98BA-FAD710E9D8CB}.Release|Any CPU.Build.0 = Release|Any CPU
		{A0CA1539-419B-4F4C-AD79-AEAF173D2AFA}.Debug|Any CPU.ActiveCfg = Debug|Any CPU
		{A0CA1539-419B-4F4C-AD79-AEAF173D2AFA}.Debug|Any CPU.Build.0 = Debug|Any CPU
		{A0CA1539-419B-4F4C-AD79-AEAF173D2AFA}.Release|Any CPU.ActiveCfg = Release|Any CPU
		{A0CA1539-419B-4F4C-AD79-AEAF173D2AFA}.Release|Any CPU.Build.0 = Release|Any CPU
		{6E051CFD-F277-4433-A0D2-3C8AD4CFC830}.Debug|Any CPU.ActiveCfg = Debug|Any CPU
		{6E051CFD-F277-4433-A0D2-3C8AD4CFC830}.Debug|Any CPU.Build.0 = Debug|Any CPU
		{6E051CFD-F277-4433-A0D2-3C8AD4CFC830}.Release|Any CPU.ActiveCfg = Release|Any CPU
		{6E051CFD-F277-4433-A0D2-3C8AD4CFC830}.Release|Any CPU.Build.0 = Release|Any CPU
		{816CCA78-2139-4E88-A701-483757E35CE4}.Debug|Any CPU.ActiveCfg = Debug|Any CPU
		{816CCA78-2139-4E88-A701-483757E35CE4}.Debug|Any CPU.Build.0 = Debug|Any CPU
		{816CCA78-2139-4E88-A701-483757E35CE4}.Release|Any CPU.ActiveCfg = Release|Any CPU
		{816CCA78-2139-4E88-A701-483757E35CE4}.Release|Any CPU.Build.0 = Release|Any CPU
		{A6AE652C-5B83-4487-8750-5B471D434EE4}.Debug|Any CPU.ActiveCfg = Debug|Any CPU
		{A6AE652C-5B83-4487-8750-5B471D434EE4}.Debug|Any CPU.Build.0 = Debug|Any CPU
		{A6AE652C-5B83-4487-8750-5B471D434EE4}.Release|Any CPU.ActiveCfg = Release|Any CPU
		{A6AE652C-5B83-4487-8750-5B471D434EE4}.Release|Any CPU.Build.0 = Release|Any CPU
		{FCA9E1D3-83EE-43F7-8DB2-FBBC82922EFB}.Debug|Any CPU.ActiveCfg = Debug|Any CPU
		{FCA9E1D3-83EE-43F7-8DB2-FBBC82922EFB}.Debug|Any CPU.Build.0 = Debug|Any CPU
		{FCA9E1D3-83EE-43F7-8DB2-FBBC82922EFB}.Release|Any CPU.ActiveCfg = Release|Any CPU
		{FCA9E1D3-83EE-43F7-8DB2-FBBC82922EFB}.Release|Any CPU.Build.0 = Release|Any CPU
		{A8A1C805-D050-4D66-9A2B-443F696079D5}.Debug|Any CPU.ActiveCfg = Debug|Any CPU
		{A8A1C805-D050-4D66-9A2B-443F696079D5}.Debug|Any CPU.Build.0 = Debug|Any CPU
		{A8A1C805-D050-4D66-9A2B-443F696079D5}.Release|Any CPU.ActiveCfg = Release|Any CPU
		{A8A1C805-D050-4D66-9A2B-443F696079D5}.Release|Any CPU.Build.0 = Release|Any CPU
		{33E96C9B-B2FD-467E-A12F-6702A079C910}.Debug|Any CPU.ActiveCfg = Debug|Any CPU
		{33E96C9B-B2FD-467E-A12F-6702A079C910}.Debug|Any CPU.Build.0 = Debug|Any CPU
		{33E96C9B-B2FD-467E-A12F-6702A079C910}.Release|Any CPU.ActiveCfg = Release|Any CPU
		{33E96C9B-B2FD-467E-A12F-6702A079C910}.Release|Any CPU.Build.0 = Release|Any CPU
	EndGlobalSection
	GlobalSection(SolutionProperties) = preSolution
		HideSolutionNode = FALSE
	EndGlobalSection
	GlobalSection(ExtensibilityGlobals) = postSolution
		SolutionGuid = {7E15AAB1-1519-4F22-8383-2BDFFEF7D17B}
	EndGlobalSection
EndGlobal
